
Microsoft Visual Studio Solution File, Format Version 12.00
# Visual Studio 2012
Project("{FAE04EC0-301F-11D3-BF4B-00C04F79EFBC}") = "DgmlImage", "DgmlImage.csproj", "{DC6BE05B-9AE6-417B-9C24-58485C0D8ABC}"
EndProject
Global
	GlobalSection(SolutionConfigurationPlatforms) = preSolution
		Debug|x86 = Debug|x86
		Release|x86 = Release|x86
	EndGlobalSection
	GlobalSection(ProjectConfigurationPlatforms) = postSolution
		{DC6BE05B-9AE6-417B-9C24-58485C0D8ABC}.Debug|x86.ActiveCfg = Debug|x86
		{DC6BE05B-9AE6-417B-9C24-58485C0D8ABC}.Debug|x86.Build.0 = Debug|x86
		{DC6BE05B-9AE6-417B-9C24-58485C0D8ABC}.Release|x86.ActiveCfg = Release|x86
		{DC6BE05B-9AE6-417B-9C24-58485C0D8ABC}.Release|x86.Build.0 = Release|x86
	EndGlobalSection
	GlobalSection(SolutionProperties) = preSolution
		HideSolutionNode = FALSE
	EndGlobalSection
EndGlobal
