
Microsoft Visual Studio Solution File, Format Version 12.00
# Visual Studio 15
VisualStudioVersion = 15.0.27004.2005
MinimumVisualStudioVersion = 10.0.40219.1
Project("{FAE04EC0-301F-11D3-BF4B-00C04F79EFBC}") = "DgmlPowerTools2017", "DgmlPowerTools2017.csproj", "{85301739-8ECC-480F-BC17-2E68FA55CE70}"
EndProject
Project("{FAE04EC0-301F-11D3-BF4B-00C04F79EFBC}") = "GraphDiff.2017", "..\GraphDiff\GraphDiff.2017.csproj", "{CD38C06C-CA6B-49C8-9038-81F718E3A230}"
EndProject
Global
	GlobalSection(SolutionConfigurationPlatforms) = preSolution
		Debug|Any CPU = Debug|Any CPU
		Release|Any CPU = Release|Any CPU
	EndGlobalSection
	GlobalSection(ProjectConfigurationPlatforms) = postSolution
		{85301739-8ECC-480F-BC17-2E68FA55CE70}.Debug|Any CPU.ActiveCfg = Debug|Any CPU
		{85301739-8ECC-480F-BC17-2E68FA55CE70}.Debug|Any CPU.Build.0 = Debug|Any CPU
		{85301739-8ECC-480F-BC17-2E68FA55CE70}.Release|Any CPU.ActiveCfg = Release|Any CPU
		{85301739-8ECC-480F-BC17-2E68FA55CE70}.Release|Any CPU.Build.0 = Release|Any CPU
		{CD38C06C-CA6B-49C8-9038-81F718E3A230}.Debug|Any CPU.ActiveCfg = Debug|Any CPU
		{CD38C06C-CA6B-49C8-9038-81F718E3A230}.Debug|Any CPU.Build.0 = Debug|Any CPU
		{CD38C06C-CA6B-49C8-9038-81F718E3A230}.Release|Any CPU.ActiveCfg = Release|Any CPU
		{CD38C06C-CA6B-49C8-9038-81F718E3A230}.Release|Any CPU.Build.0 = Release|Any CPU
	EndGlobalSection
	GlobalSection(SolutionProperties) = preSolution
		HideSolutionNode = FALSE
	EndGlobalSection
	GlobalSection(ExtensibilityGlobals) = postSolution
		SolutionGuid = {E8FA45D4-E3C0-4736-97CA-470EB7DA0A3B}
	EndGlobalSection
EndGlobal
